
Microsoft Visual Studio Solution File, Format Version 12.00
# Visual Studio 14
VisualStudioVersion = 14.0.24720.0
MinimumVisualStudioVersion = 10.0.40219.1
Project("{8BB2217D-0F2D-49D1-97BC-3654ED321F3B}") = "MoM.Web", "MoM.Web\MoM.Web.xproj", "{B08799DB-58D3-42C2-8CB1-CE190E2A6C17}"
EndProject
Project("{8BB2217D-0F2D-49D1-97BC-3654ED321F3B}") = "MoM.Module", "MoM.Module\MoM.Module.xproj", "{D3C87F61-4C59-4806-919F-3846A92120B9}"
EndProject
Project("{2150E333-8FDC-42A3-9474-1A3956D46DE8}") = "Solution Items", "Solution Items", "{DCD4EFA4-E331-44CA-8540-4B16564A9AAE}"
	ProjectSection(SolutionItems) = preProject
		package.json = package.json
		README.md = README.md
		typings.json = typings.json
	EndProjectSection
EndProject
Global
	GlobalSection(SolutionConfigurationPlatforms) = preSolution
		Debug|Any CPU = Debug|Any CPU
		Release|Any CPU = Release|Any CPU
	EndGlobalSection
	GlobalSection(ProjectConfigurationPlatforms) = postSolution
		{B08799DB-58D3-42C2-8CB1-CE190E2A6C17}.Debug|Any CPU.ActiveCfg = Debug|Any CPU
		{B08799DB-58D3-42C2-8CB1-CE190E2A6C17}.Debug|Any CPU.Build.0 = Debug|Any CPU
		{B08799DB-58D3-42C2-8CB1-CE190E2A6C17}.Release|Any CPU.ActiveCfg = Release|Any CPU
		{B08799DB-58D3-42C2-8CB1-CE190E2A6C17}.Release|Any CPU.Build.0 = Release|Any CPU
		{D3C87F61-4C59-4806-919F-3846A92120B9}.Debug|Any CPU.ActiveCfg = Debug|Any CPU
		{D3C87F61-4C59-4806-919F-3846A92120B9}.Debug|Any CPU.Build.0 = Debug|Any CPU
		{D3C87F61-4C59-4806-919F-3846A92120B9}.Release|Any CPU.ActiveCfg = Release|Any CPU
		{D3C87F61-4C59-4806-919F-3846A92120B9}.Release|Any CPU.Build.0 = Release|Any CPU
	EndGlobalSection
	GlobalSection(SolutionProperties) = preSolution
		HideSolutionNode = FALSE
	EndGlobalSection
EndGlobal
